<Solution>
  <Folder Name="/src/">
    <Project Path="src/SharpCampus.ApiServer/SharpCampus.ApiServer.csproj" />
    <Project Path="src/SharpCampus.Cli/SharpCampus.Cli.csproj" />
    <Project Path="src/SharpCampus.GameCore/SharpCampus.GameCore.csproj" />
    <Project Path="src/SharpCampus.RoomServer/SharpCampus.RoomServer.csproj" />
    <Project Path="src/SharpCampus.Server.Common/SharpCampus.Server.Common.csproj" />
    <Project Path="src/SharpCampus.Shared.Internal/SharpCampus.Shared.Internal.csproj" />
    <Project Path="src/SharpCampus.Shared/SharpCampus.Shared.csproj" />
  </Folder>
  <Folder Name="/tests/">
    <Project Path="tests/SharpCampus.ApiServer.Tests/SharpCampus.ApiServer.Tests.csproj" />
    <Project Path="tests/SharpCampus.GameCore.Tests/SharpCampus.GameCore.Tests.csproj" />
    <Project Path="tests/SharpCampus.LoadTest/SharpCampus.LoadTest.csproj" />
    <Project Path="tests/SharpCampus.RoomServer.Tests/SharpCampus.RoomServer.Tests.csproj" />
    <Project Path="tests/SharpCampus.ServerCommon.Tests/SharpCampus.ServerCommon.Tests.csproj" />
  </Folder>
  <Folder Name="/tools/">
    <Project Path="tools/SharpCampus.MasterDataTool/SharpCampus.MasterDataTool.csproj" />
  </Folder>
</Solution>
